// !$*UTF8*$!
{
	archiveVersion = 1;
	classes = {
	};
	objectVersion = 77;
	objects = {

/* Begin PBXBuildFile section */
		03FECEA844A55183A385C136 /* ICloudBackupRepository.swift in Sources */ = {isa = PBXBuildFile; fileRef = D2C0006154A5E5E508934D73 /* ICloudBackupRepository.swift */; };
		0A035D94DF1E90EC3C3A3AAA /* BudgetMath.swift in Sources */ = {isa = PBXBuildFile; fileRef = A39B9C9BF3CE5C40805B07F5 /* BudgetMath.swift */; };
		1364B28B5587DC143705F215 /* ExchangeRatesView.swift in Sources */ = {isa = PBXBuildFile; fileRef = A21351A60C5348C2FF4E0199 /* ExchangeRatesView.swift */; };
		171356CA7D6DF7D96E7BD0D5 /* Migration005Boards.swift in Sources */ = {isa = PBXBuildFile; fileRef = 4D83B6BAB69E0953B8C28ACE /* Migration005Boards.swift */; };
		19B5F3A62CCA74417B343557 /* BudgetView.swift in Sources */ = {isa = PBXBuildFile; fileRef = A85517BD60F614F1E3E53C60 /* BudgetView.swift */; };
		1B72653888DCFAF00F7E376F /* Theme.swift in Sources */ = {isa = PBXBuildFile; fileRef = FB2CF40BA045AC8A500D1AD5 /* Theme.swift */; };
		20E67B253E61D1F8F59CC57C /* SigV4.swift in Sources */ = {isa = PBXBuildFile; fileRef = 34C1C98945A8A747F913294D /* SigV4.swift */; };
		216B168D9D74927B5B63CBBC /* DemoBoardSeeder.swift in Sources */ = {isa = PBXBuildFile; fileRef = 55C61B0B364C9851436F90E3 /* DemoBoardSeeder.swift */; };
		2466052CB74A4ADA7A468435 /* DatabaseTests.swift in Sources */ = {isa = PBXBuildFile; fileRef = E2A49B89E44C9BE9ABBBDED0 /* DatabaseTests.swift */; };
		2E4467FFB83C1028D5630CFF /* SplitsAndTargetsTests.swift in Sources */ = {isa = PBXBuildFile; fileRef = 531EA537181EBD9D087A76AC /* SplitsAndTargetsTests.swift */; };
		48DC1AC12A4537F8595FF573 /* YNABImporter.swift in Sources */ = {isa = PBXBuildFile; fileRef = 55B2C14C4DEE0975B63FAA8D /* YNABImporter.swift */; };
		4D6F8F0CA9292199D820D2DC /* AppLock.swift in Sources */ = {isa = PBXBuildFile; fileRef = 452E7C1317F3CDB46978540C /* AppLock.swift */; };
		50CE061C7F60D821D30543C7 /* AIAnalysisView.swift in Sources */ = {isa = PBXBuildFile; fileRef = AC538A42FEA2423F4919AB1E /* AIAnalysisView.swift */; };
		526B307349F86CF5DD1A54DA /* AccountDetailView.swift in Sources */ = {isa = PBXBuildFile; fileRef = 65E4433687AD934E5E2F3CF1 /* AccountDetailView.swift */; };
		56F6C65F855BD703736E2669 /* Migration001CreateCoreSchema.swift in Sources */ = {isa = PBXBuildFile; fileRef = 71C2E897FC1F986ED45C9F93 /* Migration001CreateCoreSchema.swift */; };
		57637DDF793B67BC0897F1AD /* S3BackupRepository.swift in Sources */ = {isa = PBXBuildFile; fileRef = 9BC81687E5536FAC6B8D1E12 /* S3BackupRepository.swift */; };
		5B5DCAAD5C931F751634E656 /* LoanRepository.swift in Sources */ = {isa = PBXBuildFile; fileRef = E05A232982C25B87EF172666 /* LoanRepository.swift */; };
		5C74F402C79171F6FBA20672 /* ExchangeRatesClient.swift in Sources */ = {isa = PBXBuildFile; fileRef = F8B63C6F06701DF6D29118E5 /* ExchangeRatesClient.swift */; };
		5DA6F005AC49CD42EB6C5E3B /* libsqlite3.tbd in Frameworks */ = {isa = PBXBuildFile; fileRef = 6D45A4F259A39B8A644B7F09 /* libsqlite3.tbd */; };
		5E7E3D928B5CBB3BFA539EA5 /* BudgetRepository.swift in Sources */ = {isa = PBXBuildFile; fileRef = 3527666F603BB1B288E8B5F8 /* BudgetRepository.swift */; };
		5ECF1F2DB1196F7132B870B1 /* MortgageCalculatorView.swift in Sources */ = {isa = PBXBuildFile; fileRef = 67FA6F35134FB9E22D226D99 /* MortgageCalculatorView.swift */; };
		62D8066FDABB20274CB9391D /* BabyStepsView.swift in Sources */ = {isa = PBXBuildFile; fileRef = E171595FE26478485CA9A772 /* BabyStepsView.swift */; };
		65BFDB59F50B12B86CC9E48C /* RootTabView.swift in Sources */ = {isa = PBXBuildFile; fileRef = F977E5615E697F9BE4D9EC13 /* RootTabView.swift */; };
		67B629D9A97F409B79C863C9 /* AmortizationTests.swift in Sources */ = {isa = PBXBuildFile; fileRef = 35020F1E8A6C01ECA3FC3700 /* AmortizationTests.swift */; };
		6C4EB74228697FCEE613968F /* CostOfLivingView.swift in Sources */ = {isa = PBXBuildFile; fileRef = A7991FCDFB3D5750E812D6A8 /* CostOfLivingView.swift */; };
		7210F3687A18094624E33C35 /* Zip.swift in Sources */ = {isa = PBXBuildFile; fileRef = 3CAC2F7CFA35B5082ECCCC39 /* Zip.swift */; };
		77945A2B19B5FC125BFF8D26 /* Cashflow.swift in Sources */ = {isa = PBXBuildFile; fileRef = 2EB14185A9596EC2DFB92E57 /* Cashflow.swift */; };
		7E735D14C4D785B23B7D970C /* AppSettingsRepository.swift in Sources */ = {isa = PBXBuildFile; fileRef = 079BB17EFCA2B96C351A04AD /* AppSettingsRepository.swift */; };
		853932548C89A7ACB34A947B /* Recurrence.swift in Sources */ = {isa = PBXBuildFile; fileRef = 182EF0739B2177E2E5AAFC66 /* Recurrence.swift */; };
		85F911EF5260D280EC73EB43 /* TransactionsRepository.swift in Sources */ = {isa = PBXBuildFile; fileRef = AD72322BFD3BF5C8CB44A099 /* TransactionsRepository.swift */; };
		88A2734C57F8334B99EC6E10 /* AddTransactionView.swift in Sources */ = {isa = PBXBuildFile; fileRef = 5ED2911FBB171751BAC32623 /* AddTransactionView.swift */; };
		8978C6DF6791CDD0BD8EDECA /* BudgetsBroNativeApp.swift in Sources */ = {isa = PBXBuildFile; fileRef = C6C430E378BCF76ED0AE44C9 /* BudgetsBroNativeApp.swift */; };
		8BE397C47BF7CF4358DBFF9D /* AmountExpression.swift in Sources */ = {isa = PBXBuildFile; fileRef = 9CAC7C146C81D9F9ECBC6981 /* AmountExpression.swift */; };
		8D1BCC753C19E97F76A04CFF /* TaxInsightsView.swift in Sources */ = {isa = PBXBuildFile; fileRef = A565E3ED4B1866126E084129 /* TaxInsightsView.swift */; };
		8D3F9EF5E8F4BCE9BE462F06 /* S3Client.swift in Sources */ = {isa = PBXBuildFile; fileRef = 6C05EE559220652C2D5300B0 /* S3Client.swift */; };
		91930E2F7103F83706E4AEA4 /* PurchaseItemsTests.swift in Sources */ = {isa = PBXBuildFile; fileRef = 07BB8506848A1018C69AEF61 /* PurchaseItemsTests.swift */; };
		97676CE82A3165FF2A566DF5 /* InsightsView.swift in Sources */ = {isa = PBXBuildFile; fileRef = 3DD58D1E25B25BF458F0DDDB /* InsightsView.swift */; };
		97A4C323E7840532C308EF01 /* LocalBackupRepository.swift in Sources */ = {isa = PBXBuildFile; fileRef = 2857577D9C4CB42B8FB1C819 /* LocalBackupRepository.swift */; };
		A1AC0D41D0965B06C380E78C /* CategoriesRepository.swift in Sources */ = {isa = PBXBuildFile; fileRef = CEF098AD773D94F08BD67C2A /* CategoriesRepository.swift */; };
		A358A88587CCCB724CEA00ED /* HouseHuntRepository.swift in Sources */ = {isa = PBXBuildFile; fileRef = 26BBB63F3BE7A069A18419D4 /* HouseHuntRepository.swift */; };
		A3F9FDF7189FD808FD96B407 /* Migration002AddBudgetEntriesUniqueIndex.swift in Sources */ = {isa = PBXBuildFile; fileRef = DF885E7121F2511233395CB6 /* Migration002AddBudgetEntriesUniqueIndex.swift */; };
		A4525B8BC7DDB61A42118A8B /* HouseHuntView.swift in Sources */ = {isa = PBXBuildFile; fileRef = 57D488FB29F1AB0DDCEF19FE /* HouseHuntView.swift */; };
		A4F76235B130C658B12A50EB /* BudgetMathTests.swift in Sources */ = {isa = PBXBuildFile; fileRef = 359DF478B1D6DC57C1039008 /* BudgetMathTests.swift */; };
		ABC8F2D6022818C6CAE9CD31 /* Amortization.swift in Sources */ = {isa = PBXBuildFile; fileRef = 2DB293B344AD5E4B745274AC /* Amortization.swift */; };
		AE116DD2B59F091D8E5B7FE9 /* CSV.swift in Sources */ = {isa = PBXBuildFile; fileRef = 15989935D7D32CD5AFFC19E9 /* CSV.swift */; };
		B139F1FAB19429CE45C85180 /* BoardsRepository.swift in Sources */ = {isa = PBXBuildFile; fileRef = F27CB1786468F0EB584CC3C8 /* BoardsRepository.swift */; };
		B5DBB7C59A0B2C8414F722EB /* TransactionsListView.swift in Sources */ = {isa = PBXBuildFile; fileRef = 108E34C910C8472F67A2F072 /* TransactionsListView.swift */; };
		B698304C31280B39D02378DC /* MonthNav.swift in Sources */ = {isa = PBXBuildFile; fileRef = F8013610A9D55FC0B8641BB9 /* MonthNav.swift */; };
		B76E2800843B6FD8A7EB7546 /* Keychain.swift in Sources */ = {isa = PBXBuildFile; fileRef = E2B9167907ADAE4925425D1E /* Keychain.swift */; };
		B99360B0FE1A52E3A40E002E /* Migration003LoanTrackingRecurring.swift in Sources */ = {isa = PBXBuildFile; fileRef = C3C348B4830B3DA24B0B213F /* Migration003LoanTrackingRecurring.swift */; };
		BD6CBB3A5F5F66DAB138A167 /* PurchaseInsightsView.swift in Sources */ = {isa = PBXBuildFile; fileRef = 21C0A7398B239289BDC4D79C /* PurchaseInsightsView.swift */; };
		BFCBA5E9D54DC1D07B80AE60 /* CSVTests.swift in Sources */ = {isa = PBXBuildFile; fileRef = 0C7F08E7AAF80E57E8752D2C /* CSVTests.swift */; };
		CA9101F14DBC81D6F51616AC /* AIClient.swift in Sources */ = {isa = PBXBuildFile; fileRef = 936A5C59132C4D79D0E9C18C /* AIClient.swift */; };
		CCDDDE76F0B4997475D52814 /* SettingsView.swift in Sources */ = {isa = PBXBuildFile; fileRef = 0E695A3DDAC9EE1F72885478 /* SettingsView.swift */; };
		CE16144AB2995F486D8694D6 /* CashflowAndFIRETests.swift in Sources */ = {isa = PBXBuildFile; fileRef = A723C617AD8F753CD8BCD1F2 /* CashflowAndFIRETests.swift */; };
		CF630FF005CE29D644AC4128 /* Database.swift in Sources */ = {isa = PBXBuildFile; fileRef = 319810BEDD9767E279003AD2 /* Database.swift */; };
		CF75DA4CDBA4A1F8EC530C24 /* CostOfLiving.swift in Sources */ = {isa = PBXBuildFile; fileRef = F8ADFA219316F43A75208905 /* CostOfLiving.swift */; };
		D174D7C28FDC3E296A02FF29 /* ScheduledTransactionsRepository.swift in Sources */ = {isa = PBXBuildFile; fileRef = 49E616F6AD6C62FDF4297642 /* ScheduledTransactionsRepository.swift */; };
		D4838C57089676BD24D93AE5 /* AccountsView.swift in Sources */ = {isa = PBXBuildFile; fileRef = 5F5A5EDF8E42304165C47019 /* AccountsView.swift */; };
		DCE602E9227553F19666669D /* FIREProjectionView.swift in Sources */ = {isa = PBXBuildFile; fileRef = DC09BCB5756A292FBCD31055 /* FIREProjectionView.swift */; };
		E149DE3A0666358B4B09A1CF /* GenericCSVImporter.swift in Sources */ = {isa = PBXBuildFile; fileRef = 60FC53AEB8FF15E273278B8C /* GenericCSVImporter.swift */; };
		E6E24B6BD78C19F8F9671783 /* LockScreenView.swift in Sources */ = {isa = PBXBuildFile; fileRef = FC6E84585C0A280D0A06BEBA /* LockScreenView.swift */; };
		E7F32B0B0EBDCB3EAB377AFC /* PayeesRepository.swift in Sources */ = {isa = PBXBuildFile; fileRef = 6A2CD7997F0D951B81E80C8D /* PayeesRepository.swift */; };
		EF44B6A8D429B31B7D41368D /* GenericCSVImportView.swift in Sources */ = {isa = PBXBuildFile; fileRef = EA373A0D3AB4F6E03A597B09 /* GenericCSVImportView.swift */; };
		F0AAE845D3A5978C50C115D5 /* Migration004TargetsAndSplits.swift in Sources */ = {isa = PBXBuildFile; fileRef = B165833F299081A36609ECF6 /* Migration004TargetsAndSplits.swift */; };
		F43F86652B0ACF530A4D8791 /* Models.swift in Sources */ = {isa = PBXBuildFile; fileRef = EF50654F0DF6EC27448FEA3C /* Models.swift */; };
		F809DB884C646055C5FD55A7 /* RepositoriesTests.swift in Sources */ = {isa = PBXBuildFile; fileRef = 0A5A2AEC36CDC9077830E13A /* RepositoriesTests.swift */; };
		F8ADF977D3A5B048A2AF802A /* PurchaseItems.swift in Sources */ = {isa = PBXBuildFile; fileRef = 611624A09692B725A58D00A6 /* PurchaseItems.swift */; };
		FDA6812F5B75E38066942D98 /* CashflowRunwayView.swift in Sources */ = {isa = PBXBuildFile; fileRef = 8D284E9134DF96B4F9FCB980 /* CashflowRunwayView.swift */; };
		FF19569B946A28734A977900 /* AccountsRepository.swift in Sources */ = {isa = PBXBuildFile; fileRef = E87276C4F6241146CA107BF1 /* AccountsRepository.swift */; };
/* End PBXBuildFile section */

/* Begin PBXContainerItemProxy section */
		C6977B58CD102FF4F763915A /* PBXContainerItemProxy */ = {
			isa = PBXContainerItemProxy;
			containerPortal = A31E8D99B920B6A0267D0403 /* Project object */;
			proxyType = 1;
			remoteGlobalIDString = C011337D4273EE92872E0A8A;
			remoteInfo = BudgetsBroNative;
		};
/* End PBXContainerItemProxy section */

/* Begin PBXFileReference section */
		079BB17EFCA2B96C351A04AD /* AppSettingsRepository.swift */ = {isa = PBXFileReference; lastKnownFileType = sourcecode.swift; path = AppSettingsRepository.swift; sourceTree = "<group>"; };
		07BB8506848A1018C69AEF61 /* PurchaseItemsTests.swift */ = {isa = PBXFileReference; lastKnownFileType = sourcecode.swift; path = PurchaseItemsTests.swift; sourceTree = "<group>"; };
		0A5A2AEC36CDC9077830E13A /* RepositoriesTests.swift */ = {isa = PBXFileReference; lastKnownFileType = sourcecode.swift; path = RepositoriesTests.swift; sourceTree = "<group>"; };
		0C7F08E7AAF80E57E8752D2C /* CSVTests.swift */ = {isa = PBXFileReference; lastKnownFileType = sourcecode.swift; path = CSVTests.swift; sourceTree = "<group>"; };
		0E695A3DDAC9EE1F72885478 /* SettingsView.swift */ = {isa = PBXFileReference; lastKnownFileType = sourcecode.swift; path = SettingsView.swift; sourceTree = "<group>"; };
		108E34C910C8472F67A2F072 /* TransactionsListView.swift */ = {isa = PBXFileReference; lastKnownFileType = sourcecode.swift; path = TransactionsListView.swift; sourceTree = "<group>"; };
		15989935D7D32CD5AFFC19E9 /* CSV.swift */ = {isa = PBXFileReference; lastKnownFileType = sourcecode.swift; path = CSV.swift; sourceTree = "<group>"; };
		182EF0739B2177E2E5AAFC66 /* Recurrence.swift */ = {isa = PBXFileReference; lastKnownFileType = sourcecode.swift; path = Recurrence.swift; sourceTree = "<group>"; };
		21C0A7398B239289BDC4D79C /* PurchaseInsightsView.swift */ = {isa = PBXFileReference; lastKnownFileType = sourcecode.swift; path = PurchaseInsightsView.swift; sourceTree = "<group>"; };
		231D25AB79D999B63E14EFA3 /* BudgetsBroNative.app */ = {isa = PBXFileReference; includeInIndex = 0; lastKnownFileType = wrapper.application; path = BudgetsBroNative.app; sourceTree = BUILT_PRODUCTS_DIR; };
		26BBB63F3BE7A069A18419D4 /* HouseHuntRepository.swift */ = {isa = PBXFileReference; lastKnownFileType = sourcecode.swift; path = HouseHuntRepository.swift; sourceTree = "<group>"; };
		2857577D9C4CB42B8FB1C819 /* LocalBackupRepository.swift */ = {isa = PBXFileReference; lastKnownFileType = sourcecode.swift; path = LocalBackupRepository.swift; sourceTree = "<group>"; };
		2DB293B344AD5E4B745274AC /* Amortization.swift */ = {isa = PBXFileReference; lastKnownFileType = sourcecode.swift; path = Amortization.swift; sourceTree = "<group>"; };
		2EB14185A9596EC2DFB92E57 /* Cashflow.swift */ = {isa = PBXFileReference; lastKnownFileType = sourcecode.swift; path = Cashflow.swift; sourceTree = "<group>"; };
		319810BEDD9767E279003AD2 /* Database.swift */ = {isa = PBXFileReference; lastKnownFileType = sourcecode.swift; path = Database.swift; sourceTree = "<group>"; };
		34C1C98945A8A747F913294D /* SigV4.swift */ = {isa = PBXFileReference; lastKnownFileType = sourcecode.swift; path = SigV4.swift; sourceTree = "<group>"; };
		35020F1E8A6C01ECA3FC3700 /* AmortizationTests.swift */ = {isa = PBXFileReference; lastKnownFileType = sourcecode.swift; path = AmortizationTests.swift; sourceTree = "<group>"; };
		3527666F603BB1B288E8B5F8 /* BudgetRepository.swift */ = {isa = PBXFileReference; lastKnownFileType = sourcecode.swift; path = BudgetRepository.swift; sourceTree = "<group>"; };
		359DF478B1D6DC57C1039008 /* BudgetMathTests.swift */ = {isa = PBXFileReference; lastKnownFileType = sourcecode.swift; path = BudgetMathTests.swift; sourceTree = "<group>"; };
		3CAC2F7CFA35B5082ECCCC39 /* Zip.swift */ = {isa = PBXFileReference; lastKnownFileType = sourcecode.swift; path = Zip.swift; sourceTree = "<group>"; };
		3DD58D1E25B25BF458F0DDDB /* InsightsView.swift */ = {isa = PBXFileReference; lastKnownFileType = sourcecode.swift; path = InsightsView.swift; sourceTree = "<group>"; };
		452E7C1317F3CDB46978540C /* AppLock.swift */ = {isa = PBXFileReference; lastKnownFileType = sourcecode.swift; path = AppLock.swift; sourceTree = "<group>"; };
		49E616F6AD6C62FDF4297642 /* ScheduledTransactionsRepository.swift */ = {isa = PBXFileReference; lastKnownFileType = sourcecode.swift; path = ScheduledTransactionsRepository.swift; sourceTree = "<group>"; };
		4D83B6BAB69E0953B8C28ACE /* Migration005Boards.swift */ = {isa = PBXFileReference; lastKnownFileType = sourcecode.swift; path = Migration005Boards.swift; sourceTree = "<group>"; };
		531EA537181EBD9D087A76AC /* SplitsAndTargetsTests.swift */ = {isa = PBXFileReference; lastKnownFileType = sourcecode.swift; path = SplitsAndTargetsTests.swift; sourceTree = "<group>"; };
		55B2C14C4DEE0975B63FAA8D /* YNABImporter.swift */ = {isa = PBXFileReference; lastKnownFileType = sourcecode.swift; path = YNABImporter.swift; sourceTree = "<group>"; };
		55C61B0B364C9851436F90E3 /* DemoBoardSeeder.swift */ = {isa = PBXFileReference; lastKnownFileType = sourcecode.swift; path = DemoBoardSeeder.swift; sourceTree = "<group>"; };
		57D488FB29F1AB0DDCEF19FE /* HouseHuntView.swift */ = {isa = PBXFileReference; lastKnownFileType = sourcecode.swift; path = HouseHuntView.swift; sourceTree = "<group>"; };
		5ED2911FBB171751BAC32623 /* AddTransactionView.swift */ = {isa = PBXFileReference; lastKnownFileType = sourcecode.swift; path = AddTransactionView.swift; sourceTree = "<group>"; };
		5F5A5EDF8E42304165C47019 /* AccountsView.swift */ = {isa = PBXFileReference; lastKnownFileType = sourcecode.swift; path = AccountsView.swift; sourceTree = "<group>"; };
		60FC53AEB8FF15E273278B8C /* GenericCSVImporter.swift */ = {isa = PBXFileReference; lastKnownFileType = sourcecode.swift; path = GenericCSVImporter.swift; sourceTree = "<group>"; };
		611624A09692B725A58D00A6 /* PurchaseItems.swift */ = {isa = PBXFileReference; lastKnownFileType = sourcecode.swift; path = PurchaseItems.swift; sourceTree = "<group>"; };
		65E4433687AD934E5E2F3CF1 /* AccountDetailView.swift */ = {isa = PBXFileReference; lastKnownFileType = sourcecode.swift; path = AccountDetailView.swift; sourceTree = "<group>"; };
		67FA6F35134FB9E22D226D99 /* MortgageCalculatorView.swift */ = {isa = PBXFileReference; lastKnownFileType = sourcecode.swift; path = MortgageCalculatorView.swift; sourceTree = "<group>"; };
		6A2CD7997F0D951B81E80C8D /* PayeesRepository.swift */ = {isa = PBXFileReference; lastKnownFileType = sourcecode.swift; path = PayeesRepository.swift; sourceTree = "<group>"; };
		6C05EE559220652C2D5300B0 /* S3Client.swift */ = {isa = PBXFileReference; lastKnownFileType = sourcecode.swift; path = S3Client.swift; sourceTree = "<group>"; };
		6D45A4F259A39B8A644B7F09 /* libsqlite3.tbd */ = {isa = PBXFileReference; lastKnownFileType = "sourcecode.text-based-dylib-definition"; name = libsqlite3.tbd; path = usr/lib/libsqlite3.tbd; sourceTree = SDKROOT; };
		71C2E897FC1F986ED45C9F93 /* Migration001CreateCoreSchema.swift */ = {isa = PBXFileReference; lastKnownFileType = sourcecode.swift; path = Migration001CreateCoreSchema.swift; sourceTree = "<group>"; };
		8D284E9134DF96B4F9FCB980 /* CashflowRunwayView.swift */ = {isa = PBXFileReference; lastKnownFileType = sourcecode.swift; path = CashflowRunwayView.swift; sourceTree = "<group>"; };
		936A5C59132C4D79D0E9C18C /* AIClient.swift */ = {isa = PBXFileReference; lastKnownFileType = sourcecode.swift; path = AIClient.swift; sourceTree = "<group>"; };
		98AE54BAC8CE1AD44E3BA27F /* Info.plist */ = {isa = PBXFileReference; lastKnownFileType = text.plist; path = Info.plist; sourceTree = "<group>"; };
		9BC81687E5536FAC6B8D1E12 /* S3BackupRepository.swift */ = {isa = PBXFileReference; lastKnownFileType = sourcecode.swift; path = S3BackupRepository.swift; sourceTree = "<group>"; };
		9CAC7C146C81D9F9ECBC6981 /* AmountExpression.swift */ = {isa = PBXFileReference; lastKnownFileType = sourcecode.swift; path = AmountExpression.swift; sourceTree = "<group>"; };
		A21351A60C5348C2FF4E0199 /* ExchangeRatesView.swift */ = {isa = PBXFileReference; lastKnownFileType = sourcecode.swift; path = ExchangeRatesView.swift; sourceTree = "<group>"; };
		A2EBCC9EA22D8DAE6E83A264 /* BudgetsBroNativeTests.xctest */ = {isa = PBXFileReference; includeInIndex = 0; lastKnownFileType = wrapper.cfbundle; path = BudgetsBroNativeTests.xctest; sourceTree = BUILT_PRODUCTS_DIR; };
		A39B9C9BF3CE5C40805B07F5 /* BudgetMath.swift */ = {isa = PBXFileReference; lastKnownFileType = sourcecode.swift; path = BudgetMath.swift; sourceTree = "<group>"; };
		A565E3ED4B1866126E084129 /* TaxInsightsView.swift */ = {isa = PBXFileReference; lastKnownFileType = sourcecode.swift; path = TaxInsightsView.swift; sourceTree = "<group>"; };
		A723C617AD8F753CD8BCD1F2 /* CashflowAndFIRETests.swift */ = {isa = PBXFileReference; lastKnownFileType = sourcecode.swift; path = CashflowAndFIRETests.swift; sourceTree = "<group>"; };
		A7991FCDFB3D5750E812D6A8 /* CostOfLivingView.swift */ = {isa = PBXFileReference; lastKnownFileType = sourcecode.swift; path = CostOfLivingView.swift; sourceTree = "<group>"; };
		A85517BD60F614F1E3E53C60 /* BudgetView.swift */ = {isa = PBXFileReference; lastKnownFileType = sourcecode.swift; path = BudgetView.swift; sourceTree = "<group>"; };
		AC538A42FEA2423F4919AB1E /* AIAnalysisView.swift */ = {isa = PBXFileReference; lastKnownFileType = sourcecode.swift; path = AIAnalysisView.swift; sourceTree = "<group>"; };
		AD72322BFD3BF5C8CB44A099 /* TransactionsRepository.swift */ = {isa = PBXFileReference; lastKnownFileType = sourcecode.swift; path = TransactionsRepository.swift; sourceTree = "<group>"; };
		B165833F299081A36609ECF6 /* Migration004TargetsAndSplits.swift */ = {isa = PBXFileReference; lastKnownFileType = sourcecode.swift; path = Migration004TargetsAndSplits.swift; sourceTree = "<group>"; };
		C3C348B4830B3DA24B0B213F /* Migration003LoanTrackingRecurring.swift */ = {isa = PBXFileReference; lastKnownFileType = sourcecode.swift; path = Migration003LoanTrackingRecurring.swift; sourceTree = "<group>"; };
		C6C430E378BCF76ED0AE44C9 /* BudgetsBroNativeApp.swift */ = {isa = PBXFileReference; lastKnownFileType = sourcecode.swift; path = BudgetsBroNativeApp.swift; sourceTree = "<group>"; };
		CEF098AD773D94F08BD67C2A /* CategoriesRepository.swift */ = {isa = PBXFileReference; lastKnownFileType = sourcecode.swift; path = CategoriesRepository.swift; sourceTree = "<group>"; };
		D2C0006154A5E5E508934D73 /* ICloudBackupRepository.swift */ = {isa = PBXFileReference; lastKnownFileType = sourcecode.swift; path = ICloudBackupRepository.swift; sourceTree = "<group>"; };
		DC09BCB5756A292FBCD31055 /* FIREProjectionView.swift */ = {isa = PBXFileReference; lastKnownFileType = sourcecode.swift; path = FIREProjectionView.swift; sourceTree = "<group>"; };
		DF885E7121F2511233395CB6 /* Migration002AddBudgetEntriesUniqueIndex.swift */ = {isa = PBXFileReference; lastKnownFileType = sourcecode.swift; path = Migration002AddBudgetEntriesUniqueIndex.swift; sourceTree = "<group>"; };
		E05A232982C25B87EF172666 /* LoanRepository.swift */ = {isa = PBXFileReference; lastKnownFileType = sourcecode.swift; path = LoanRepository.swift; sourceTree = "<group>"; };
		E171595FE26478485CA9A772 /* BabyStepsView.swift */ = {isa = PBXFileReference; lastKnownFileType = sourcecode.swift; path = BabyStepsView.swift; sourceTree = "<group>"; };
		E2A49B89E44C9BE9ABBBDED0 /* DatabaseTests.swift */ = {isa = PBXFileReference; lastKnownFileType = sourcecode.swift; path = DatabaseTests.swift; sourceTree = "<group>"; };
		E2B9167907ADAE4925425D1E /* Keychain.swift */ = {isa = PBXFileReference; lastKnownFileType = sourcecode.swift; path = Keychain.swift; sourceTree = "<group>"; };
		E87276C4F6241146CA107BF1 /* AccountsRepository.swift */ = {isa = PBXFileReference; lastKnownFileType = sourcecode.swift; path = AccountsRepository.swift; sourceTree = "<group>"; };
		EA373A0D3AB4F6E03A597B09 /* GenericCSVImportView.swift */ = {isa = PBXFileReference; lastKnownFileType = sourcecode.swift; path = GenericCSVImportView.swift; sourceTree = "<group>"; };
		EF50654F0DF6EC27448FEA3C /* Models.swift */ = {isa = PBXFileReference; lastKnownFileType = sourcecode.swift; path = Models.swift; sourceTree = "<group>"; };
		F27CB1786468F0EB584CC3C8 /* BoardsRepository.swift */ = {isa = PBXFileReference; lastKnownFileType = sourcecode.swift; path = BoardsRepository.swift; sourceTree = "<group>"; };
		F8013610A9D55FC0B8641BB9 /* MonthNav.swift */ = {isa = PBXFileReference; lastKnownFileType = sourcecode.swift; path = MonthNav.swift; sourceTree = "<group>"; };
		F8ADFA219316F43A75208905 /* CostOfLiving.swift */ = {isa = PBXFileReference; lastKnownFileType = sourcecode.swift; path = CostOfLiving.swift; sourceTree = "<group>"; };
		F8B63C6F06701DF6D29118E5 /* ExchangeRatesClient.swift */ = {isa = PBXFileReference; lastKnownFileType = sourcecode.swift; path = ExchangeRatesClient.swift; sourceTree = "<group>"; };
		F977E5615E697F9BE4D9EC13 /* RootTabView.swift */ = {isa = PBXFileReference; lastKnownFileType = sourcecode.swift; path = RootTabView.swift; sourceTree = "<group>"; };
		FB2CF40BA045AC8A500D1AD5 /* Theme.swift */ = {isa = PBXFileReference; lastKnownFileType = sourcecode.swift; path = Theme.swift; sourceTree = "<group>"; };
		FC6E84585C0A280D0A06BEBA /* LockScreenView.swift */ = {isa = PBXFileReference; lastKnownFileType = sourcecode.swift; path = LockScreenView.swift; sourceTree = "<group>"; };
/* End PBXFileReference section */

/* Begin PBXFrameworksBuildPhase section */
		F474B75110C24AC444EB8D5A /* Frameworks */ = {
			isa = PBXFrameworksBuildPhase;
			buildActionMask = 2147483647;
			files = (
				5DA6F005AC49CD42EB6C5E3B /* libsqlite3.tbd in Frameworks */,
			);
			runOnlyForDeploymentPostprocessing = 0;
		};
/* End PBXFrameworksBuildPhase section */

/* Begin PBXGroup section */
		0081D7633B197F98B76B644B /* AI */ = {
			isa = PBXGroup;
			children = (
				AC538A42FEA2423F4919AB1E /* AIAnalysisView.swift */,
			);
			path = AI;
			sourceTree = "<group>";
		};
		063B94EA5130931EE257E103 /* Tools */ = {
			isa = PBXGroup;
			children = (
				67FA6F35134FB9E22D226D99 /* MortgageCalculatorView.swift */,
			);
			path = Tools;
			sourceTree = "<group>";
		};
		07A50665421D367D62294EBF /* Products */ = {
			isa = PBXGroup;
			children = (
				231D25AB79D999B63E14EFA3 /* BudgetsBroNative.app */,
				A2EBCC9EA22D8DAE6E83A264 /* BudgetsBroNativeTests.xctest */,
			);
			name = Products;
			sourceTree = "<group>";
		};
		0963BF455EB66219D4B2EE19 /* Lock */ = {
			isa = PBXGroup;
			children = (
				FC6E84585C0A280D0A06BEBA /* LockScreenView.swift */,
			);
			path = Lock;
			sourceTree = "<group>";
		};
		0EFF8EFCF2018D0EA838EBCD /* Frameworks */ = {
			isa = PBXGroup;
			children = (
				6D45A4F259A39B8A644B7F09 /* libsqlite3.tbd */,
			);
			name = Frameworks;
			sourceTree = "<group>";
		};
		1393E34A7BE3E1E73C537F97 /* Settings */ = {
			isa = PBXGroup;
			children = (
				0E695A3DDAC9EE1F72885478 /* SettingsView.swift */,
			);
			path = Settings;
			sourceTree = "<group>";
		};
		1891904508F1C299EAEBAC66 /* Import */ = {
			isa = PBXGroup;
			children = (
				15989935D7D32CD5AFFC19E9 /* CSV.swift */,
				60FC53AEB8FF15E273278B8C /* GenericCSVImporter.swift */,
				55B2C14C4DEE0975B63FAA8D /* YNABImporter.swift */,
			);
			path = Import;
			sourceTree = "<group>";
		};
		1C501B9B97C655175A61C2CC /* Accounts */ = {
			isa = PBXGroup;
			children = (
				65E4433687AD934E5E2F3CF1 /* AccountDetailView.swift */,
				5F5A5EDF8E42304165C47019 /* AccountsView.swift */,
			);
			path = Accounts;
			sourceTree = "<group>";
		};
		5152D1479021877FC49C3006 /* Secure */ = {
			isa = PBXGroup;
			children = (
				452E7C1317F3CDB46978540C /* AppLock.swift */,
				E2B9167907ADAE4925425D1E /* Keychain.swift */,
			);
			path = Secure;
			sourceTree = "<group>";
		};
		572431E4F374C9AB49D8DFC8 /* Budget */ = {
			isa = PBXGroup;
			children = (
				A85517BD60F614F1E3E53C60 /* BudgetView.swift */,
			);
			path = Budget;
			sourceTree = "<group>";
		};
		5878A11B2F120F5BAB6C22F2 /* Sources */ = {
			isa = PBXGroup;
			children = (
				621527D048DC63A684457B93 /* AI */,
				91C77CF7AF1EC476818DFFCC /* App */,
				667D20F2EB2BB721E9BC324B /* Backup */,
				BB9F4AAC87049C64D6A9D339 /* Data */,
				E9DBBF03D0672697EE78568A /* Domain */,
				8AD915AA1933067425CA08F0 /* FinanceTools */,
				1891904508F1C299EAEBAC66 /* Import */,
				C8D219BF0F0E8026AC61CA50 /* MarketData */,
				E4A0C4E432E56ED93445782E /* Screens */,
				5152D1479021877FC49C3006 /* Secure */,
				66C033BAE67AEAB301D0A983 /* Theme */,
			);
			path = Sources;
			sourceTree = "<group>";
		};
		621527D048DC63A684457B93 /* AI */ = {
			isa = PBXGroup;
			children = (
				936A5C59132C4D79D0E9C18C /* AIClient.swift */,
			);
			path = AI;
			sourceTree = "<group>";
		};
		667D20F2EB2BB721E9BC324B /* Backup */ = {
			isa = PBXGroup;
			children = (
				D2C0006154A5E5E508934D73 /* ICloudBackupRepository.swift */,
				2857577D9C4CB42B8FB1C819 /* LocalBackupRepository.swift */,
				9BC81687E5536FAC6B8D1E12 /* S3BackupRepository.swift */,
				6C05EE559220652C2D5300B0 /* S3Client.swift */,
				34C1C98945A8A747F913294D /* SigV4.swift */,
				3CAC2F7CFA35B5082ECCCC39 /* Zip.swift */,
			);
			path = Backup;
			sourceTree = "<group>";
		};
		66C033BAE67AEAB301D0A983 /* Theme */ = {
			isa = PBXGroup;
			children = (
				FB2CF40BA045AC8A500D1AD5 /* Theme.swift */,
			);
			path = Theme;
			sourceTree = "<group>";
		};
		7FC3159D0A68766C9C3DED04 /* Transactions */ = {
			isa = PBXGroup;
			children = (
				108E34C910C8472F67A2F072 /* TransactionsListView.swift */,
			);
			path = Transactions;
			sourceTree = "<group>";
		};
		8AD915AA1933067425CA08F0 /* FinanceTools */ = {
			isa = PBXGroup;
			children = (
				2DB293B344AD5E4B745274AC /* Amortization.swift */,
			);
			path = FinanceTools;
			sourceTree = "<group>";
		};
		8B957AAB407D95155C1DB71A = {
			isa = PBXGroup;
			children = (
				A5A3F7FD13ACFDC484DC58DF /* BudgetsBroNativeTests */,
				5878A11B2F120F5BAB6C22F2 /* Sources */,
				0EFF8EFCF2018D0EA838EBCD /* Frameworks */,
				07A50665421D367D62294EBF /* Products */,
			);
			sourceTree = "<group>";
		};
		91C77CF7AF1EC476818DFFCC /* App */ = {
			isa = PBXGroup;
			children = (
				C6C430E378BCF76ED0AE44C9 /* BudgetsBroNativeApp.swift */,
				98AE54BAC8CE1AD44E3BA27F /* Info.plist */,
				F977E5615E697F9BE4D9EC13 /* RootTabView.swift */,
			);
			path = App;
			sourceTree = "<group>";
		};
		A5A3F7FD13ACFDC484DC58DF /* BudgetsBroNativeTests */ = {
			isa = PBXGroup;
			children = (
				35020F1E8A6C01ECA3FC3700 /* AmortizationTests.swift */,
				359DF478B1D6DC57C1039008 /* BudgetMathTests.swift */,
				A723C617AD8F753CD8BCD1F2 /* CashflowAndFIRETests.swift */,
				0C7F08E7AAF80E57E8752D2C /* CSVTests.swift */,
				E2A49B89E44C9BE9ABBBDED0 /* DatabaseTests.swift */,
				07BB8506848A1018C69AEF61 /* PurchaseItemsTests.swift */,
				0A5A2AEC36CDC9077830E13A /* RepositoriesTests.swift */,
				531EA537181EBD9D087A76AC /* SplitsAndTargetsTests.swift */,
			);
			name = BudgetsBroNativeTests;
			path = Tests/BudgetsBroNativeTests;
			sourceTree = "<group>";
		};
		A62CB8282887CF211C00B4D7 /* Spend */ = {
			isa = PBXGroup;
			children = (
				5ED2911FBB171751BAC32623 /* AddTransactionView.swift */,
			);
			path = Spend;
			sourceTree = "<group>";
		};
		B1EF394564C818334063294F /* Migrations */ = {
			isa = PBXGroup;
			children = (
				71C2E897FC1F986ED45C9F93 /* Migration001CreateCoreSchema.swift */,
				DF885E7121F2511233395CB6 /* Migration002AddBudgetEntriesUniqueIndex.swift */,
				C3C348B4830B3DA24B0B213F /* Migration003LoanTrackingRecurring.swift */,
				B165833F299081A36609ECF6 /* Migration004TargetsAndSplits.swift */,
				4D83B6BAB69E0953B8C28ACE /* Migration005Boards.swift */,
			);
			path = Migrations;
			sourceTree = "<group>";
		};
		BB9F4AAC87049C64D6A9D339 /* Data */ = {
			isa = PBXGroup;
			children = (
				319810BEDD9767E279003AD2 /* Database.swift */,
				55C61B0B364C9851436F90E3 /* DemoBoardSeeder.swift */,
				B1EF394564C818334063294F /* Migrations */,
				F445E41AEDFB08BC2B409C08 /* Repositories */,
			);
			path = Data;
			sourceTree = "<group>";
		};
		C8D219BF0F0E8026AC61CA50 /* MarketData */ = {
			isa = PBXGroup;
			children = (
				F8ADFA219316F43A75208905 /* CostOfLiving.swift */,
				F8B63C6F06701DF6D29118E5 /* ExchangeRatesClient.swift */,
			);
			path = MarketData;
			sourceTree = "<group>";
		};
		D6D3A64820EB86DC263A772B /* Shared */ = {
			isa = PBXGroup;
			children = (
				F8013610A9D55FC0B8641BB9 /* MonthNav.swift */,
			);
			path = Shared;
			sourceTree = "<group>";
		};
		E4A0C4E432E56ED93445782E /* Screens */ = {
			isa = PBXGroup;
			children = (
				1C501B9B97C655175A61C2CC /* Accounts */,
				0081D7633B197F98B76B644B /* AI */,
				572431E4F374C9AB49D8DFC8 /* Budget */,
				EC3A00144A41F3EC43744DB9 /* Insights */,
				0963BF455EB66219D4B2EE19 /* Lock */,
				1393E34A7BE3E1E73C537F97 /* Settings */,
				D6D3A64820EB86DC263A772B /* Shared */,
				A62CB8282887CF211C00B4D7 /* Spend */,
				063B94EA5130931EE257E103 /* Tools */,
				7FC3159D0A68766C9C3DED04 /* Transactions */,
			);
			path = Screens;
			sourceTree = "<group>";
		};
		E9DBBF03D0672697EE78568A /* Domain */ = {
			isa = PBXGroup;
			children = (
				9CAC7C146C81D9F9ECBC6981 /* AmountExpression.swift */,
				A39B9C9BF3CE5C40805B07F5 /* BudgetMath.swift */,
				2EB14185A9596EC2DFB92E57 /* Cashflow.swift */,
				EF50654F0DF6EC27448FEA3C /* Models.swift */,
				611624A09692B725A58D00A6 /* PurchaseItems.swift */,
				182EF0739B2177E2E5AAFC66 /* Recurrence.swift */,
			);
			path = Domain;
			sourceTree = "<group>";
		};
		EC3A00144A41F3EC43744DB9 /* Insights */ = {
			isa = PBXGroup;
			children = (
				E171595FE26478485CA9A772 /* BabyStepsView.swift */,
				8D284E9134DF96B4F9FCB980 /* CashflowRunwayView.swift */,
				A7991FCDFB3D5750E812D6A8 /* CostOfLivingView.swift */,
				A21351A60C5348C2FF4E0199 /* ExchangeRatesView.swift */,
				DC09BCB5756A292FBCD31055 /* FIREProjectionView.swift */,
				EA373A0D3AB4F6E03A597B09 /* GenericCSVImportView.swift */,
				57D488FB29F1AB0DDCEF19FE /* HouseHuntView.swift */,
				3DD58D1E25B25BF458F0DDDB /* InsightsView.swift */,
				21C0A7398B239289BDC4D79C /* PurchaseInsightsView.swift */,
				A565E3ED4B1866126E084129 /* TaxInsightsView.swift */,
			);
			path = Insights;
			sourceTree = "<group>";
		};
		F445E41AEDFB08BC2B409C08 /* Repositories */ = {
			isa = PBXGroup;
			children = (
				E87276C4F6241146CA107BF1 /* AccountsRepository.swift */,
				079BB17EFCA2B96C351A04AD /* AppSettingsRepository.swift */,
				F27CB1786468F0EB584CC3C8 /* BoardsRepository.swift */,
				3527666F603BB1B288E8B5F8 /* BudgetRepository.swift */,
				CEF098AD773D94F08BD67C2A /* CategoriesRepository.swift */,
				26BBB63F3BE7A069A18419D4 /* HouseHuntRepository.swift */,
				E05A232982C25B87EF172666 /* LoanRepository.swift */,
				6A2CD7997F0D951B81E80C8D /* PayeesRepository.swift */,
				49E616F6AD6C62FDF4297642 /* ScheduledTransactionsRepository.swift */,
				AD72322BFD3BF5C8CB44A099 /* TransactionsRepository.swift */,
			);
			path = Repositories;
			sourceTree = "<group>";
		};
/* End PBXGroup section */

/* Begin PBXNativeTarget section */
		C011337D4273EE92872E0A8A /* BudgetsBroNative */ = {
			isa = PBXNativeTarget;
			buildConfigurationList = E57254D07AB7E8854A87ED40 /* Build configuration list for PBXNativeTarget "BudgetsBroNative" */;
			buildPhases = (
				EAD28AC41BB50E9B43451F12 /* Sources */,
				F474B75110C24AC444EB8D5A /* Frameworks */,
			);
			buildRules = (
			);
			dependencies = (
			);
			name = BudgetsBroNative;
			packageProductDependencies = (
			);
			productName = BudgetsBroNative;
			productReference = 231D25AB79D999B63E14EFA3 /* BudgetsBroNative.app */;
			productType = "com.apple.product-type.application";
		};
		E5C03AA7AC617CB9007869F7 /* BudgetsBroNativeTests */ = {
			isa = PBXNativeTarget;
			buildConfigurationList = B1FF3C80196FFD8E672BF2ED /* Build configuration list for PBXNativeTarget "BudgetsBroNativeTests" */;
			buildPhases = (
				81DC9C4F4C025B789FB75111 /* Sources */,
			);
			buildRules = (
			);
			dependencies = (
				FCD47B02E850B14E2C77FEC2 /* PBXTargetDependency */,
			);
			name = BudgetsBroNativeTests;
			packageProductDependencies = (
			);
			productName = BudgetsBroNativeTests;
			productReference = A2EBCC9EA22D8DAE6E83A264 /* BudgetsBroNativeTests.xctest */;
			productType = "com.apple.product-type.bundle.unit-test";
		};
/* End PBXNativeTarget section */

/* Begin PBXProject section */
		A31E8D99B920B6A0267D0403 /* Project object */ = {
			isa = PBXProject;
			attributes = {
				BuildIndependentTargetsInParallel = YES;
				LastUpgradeCheck = 1430;
				TargetAttributes = {
					C011337D4273EE92872E0A8A = {
						DevelopmentTeam = "";
						ProvisioningStyle = Automatic;
					};
					E5C03AA7AC617CB9007869F7 = {
						DevelopmentTeam = "";
						ProvisioningStyle = Automatic;
					};
				};
			};
			buildConfigurationList = 45C32C330848265BD48577FA /* Build configuration list for PBXProject "BudgetsBroNative" */;
			developmentRegion = en;
			hasScannedForEncodings = 0;
			knownRegions = (
				Base,
				en,
			);
			mainGroup = 8B957AAB407D95155C1DB71A;
			minimizedProjectReferenceProxies = 1;
			preferredProjectObjectVersion = 77;
			productRefGroup = 07A50665421D367D62294EBF /* Products */;
			projectDirPath = "";
			projectRoot = "";
			targets = (
				C011337D4273EE92872E0A8A /* BudgetsBroNative */,
				E5C03AA7AC617CB9007869F7 /* BudgetsBroNativeTests */,
			);
		};
/* End PBXProject section */

/* Begin PBXSourcesBuildPhase section */
		81DC9C4F4C025B789FB75111 /* Sources */ = {
			isa = PBXSourcesBuildPhase;
			buildActionMask = 2147483647;
			files = (
				67B629D9A97F409B79C863C9 /* AmortizationTests.swift in Sources */,
				A4F76235B130C658B12A50EB /* BudgetMathTests.swift in Sources */,
				BFCBA5E9D54DC1D07B80AE60 /* CSVTests.swift in Sources */,
				CE16144AB2995F486D8694D6 /* CashflowAndFIRETests.swift in Sources */,
				2466052CB74A4ADA7A468435 /* DatabaseTests.swift in Sources */,
				91930E2F7103F83706E4AEA4 /* PurchaseItemsTests.swift in Sources */,
				F809DB884C646055C5FD55A7 /* RepositoriesTests.swift in Sources */,
				2E4467FFB83C1028D5630CFF /* SplitsAndTargetsTests.swift in Sources */,
			);
			runOnlyForDeploymentPostprocessing = 0;
		};
		EAD28AC41BB50E9B43451F12 /* Sources */ = {
			isa = PBXSourcesBuildPhase;
			buildActionMask = 2147483647;
			files = (
				50CE061C7F60D821D30543C7 /* AIAnalysisView.swift in Sources */,
				CA9101F14DBC81D6F51616AC /* AIClient.swift in Sources */,
				526B307349F86CF5DD1A54DA /* AccountDetailView.swift in Sources */,
				FF19569B946A28734A977900 /* AccountsRepository.swift in Sources */,
				D4838C57089676BD24D93AE5 /* AccountsView.swift in Sources */,
				88A2734C57F8334B99EC6E10 /* AddTransactionView.swift in Sources */,
				ABC8F2D6022818C6CAE9CD31 /* Amortization.swift in Sources */,
				8BE397C47BF7CF4358DBFF9D /* AmountExpression.swift in Sources */,
				4D6F8F0CA9292199D820D2DC /* AppLock.swift in Sources */,
				7E735D14C4D785B23B7D970C /* AppSettingsRepository.swift in Sources */,
				62D8066FDABB20274CB9391D /* BabyStepsView.swift in Sources */,
				B139F1FAB19429CE45C85180 /* BoardsRepository.swift in Sources */,
				0A035D94DF1E90EC3C3A3AAA /* BudgetMath.swift in Sources */,
				5E7E3D928B5CBB3BFA539EA5 /* BudgetRepository.swift in Sources */,
				19B5F3A62CCA74417B343557 /* BudgetView.swift in Sources */,
				8978C6DF6791CDD0BD8EDECA /* BudgetsBroNativeApp.swift in Sources */,
				AE116DD2B59F091D8E5B7FE9 /* CSV.swift in Sources */,
				77945A2B19B5FC125BFF8D26 /* Cashflow.swift in Sources */,
				FDA6812F5B75E38066942D98 /* CashflowRunwayView.swift in Sources */,
				A1AC0D41D0965B06C380E78C /* CategoriesRepository.swift in Sources */,
				CF75DA4CDBA4A1F8EC530C24 /* CostOfLiving.swift in Sources */,
				6C4EB74228697FCEE613968F /* CostOfLivingView.swift in Sources */,
				CF630FF005CE29D644AC4128 /* Database.swift in Sources */,
				216B168D9D74927B5B63CBBC /* DemoBoardSeeder.swift in Sources */,
				5C74F402C79171F6FBA20672 /* ExchangeRatesClient.swift in Sources */,
				1364B28B5587DC143705F215 /* ExchangeRatesView.swift in Sources */,
				DCE602E9227553F19666669D /* FIREProjectionView.swift in Sources */,
				EF44B6A8D429B31B7D41368D /* GenericCSVImportView.swift in Sources */,
				E149DE3A0666358B4B09A1CF /* GenericCSVImporter.swift in Sources */,
				A358A88587CCCB724CEA00ED /* HouseHuntRepository.swift in Sources */,
				A4525B8BC7DDB61A42118A8B /* HouseHuntView.swift in Sources */,
				03FECEA844A55183A385C136 /* ICloudBackupRepository.swift in Sources */,
				97676CE82A3165FF2A566DF5 /* InsightsView.swift in Sources */,
				B76E2800843B6FD8A7EB7546 /* Keychain.swift in Sources */,
				5B5DCAAD5C931F751634E656 /* LoanRepository.swift in Sources */,
				97A4C323E7840532C308EF01 /* LocalBackupRepository.swift in Sources */,
				E6E24B6BD78C19F8F9671783 /* LockScreenView.swift in Sources */,
				56F6C65F855BD703736E2669 /* Migration001CreateCoreSchema.swift in Sources */,
				A3F9FDF7189FD808FD96B407 /* Migration002AddBudgetEntriesUniqueIndex.swift in Sources */,
				B99360B0FE1A52E3A40E002E /* Migration003LoanTrackingRecurring.swift in Sources */,
				F0AAE845D3A5978C50C115D5 /* Migration004TargetsAndSplits.swift in Sources */,
				171356CA7D6DF7D96E7BD0D5 /* Migration005Boards.swift in Sources */,
				F43F86652B0ACF530A4D8791 /* Models.swift in Sources */,
				B698304C31280B39D02378DC /* MonthNav.swift in Sources */,
				5ECF1F2DB1196F7132B870B1 /* MortgageCalculatorView.swift in Sources */,
				E7F32B0B0EBDCB3EAB377AFC /* PayeesRepository.swift in Sources */,
				BD6CBB3A5F5F66DAB138A167 /* PurchaseInsightsView.swift in Sources */,
				F8ADF977D3A5B048A2AF802A /* PurchaseItems.swift in Sources */,
				853932548C89A7ACB34A947B /* Recurrence.swift in Sources */,
				65BFDB59F50B12B86CC9E48C /* RootTabView.swift in Sources */,
				57637DDF793B67BC0897F1AD /* S3BackupRepository.swift in Sources */,
				8D3F9EF5E8F4BCE9BE462F06 /* S3Client.swift in Sources */,
				D174D7C28FDC3E296A02FF29 /* ScheduledTransactionsRepository.swift in Sources */,
				CCDDDE76F0B4997475D52814 /* SettingsView.swift in Sources */,
				20E67B253E61D1F8F59CC57C /* SigV4.swift in Sources */,
				8D1BCC753C19E97F76A04CFF /* TaxInsightsView.swift in Sources */,
				1B72653888DCFAF00F7E376F /* Theme.swift in Sources */,
				B5DBB7C59A0B2C8414F722EB /* TransactionsListView.swift in Sources */,
				85F911EF5260D280EC73EB43 /* TransactionsRepository.swift in Sources */,
				48DC1AC12A4537F8595FF573 /* YNABImporter.swift in Sources */,
				7210F3687A18094624E33C35 /* Zip.swift in Sources */,
			);
			runOnlyForDeploymentPostprocessing = 0;
		};
/* End PBXSourcesBuildPhase section */

/* Begin PBXTargetDependency section */
		FCD47B02E850B14E2C77FEC2 /* PBXTargetDependency */ = {
			isa = PBXTargetDependency;
			target = C011337D4273EE92872E0A8A /* BudgetsBroNative */;
			targetProxy = C6977B58CD102FF4F763915A /* PBXContainerItemProxy */;
		};
/* End PBXTargetDependency section */

/* Begin XCBuildConfiguration section */
		17D5A413062923B3D7E75F1C /* Debug */ = {
			isa = XCBuildConfiguration;
			buildSettings = {
				ALWAYS_SEARCH_USER_PATHS = NO;
				CLANG_ANALYZER_NONNULL = YES;
				CLANG_ANALYZER_NUMBER_OBJECT_CONVERSION = YES_AGGRESSIVE;
				CLANG_CXX_LANGUAGE_STANDARD = "gnu++14";
				CLANG_CXX_LIBRARY = "libc++";
				CLANG_ENABLE_MODULES = YES;
				CLANG_ENABLE_OBJC_ARC = YES;
				CLANG_ENABLE_OBJC_WEAK = YES;
				CLANG_WARN_BLOCK_CAPTURE_AUTORELEASING = YES;
				CLANG_WARN_BOOL_CONVERSION = YES;
				CLANG_WARN_COMMA = YES;
				CLANG_WARN_CONSTANT_CONVERSION = YES;
				CLANG_WARN_DEPRECATED_OBJC_IMPLEMENTATIONS = YES;
				CLANG_WARN_DIRECT_OBJC_ISA_USAGE = YES_ERROR;
				CLANG_WARN_DOCUMENTATION_COMMENTS = YES;
				CLANG_WARN_EMPTY_BODY = YES;
				CLANG_WARN_ENUM_CONVERSION = YES;
				CLANG_WARN_INFINITE_RECURSION = YES;
				CLANG_WARN_INT_CONVERSION = YES;
				CLANG_WARN_NON_LITERAL_NULL_CONVERSION = YES;
				CLANG_WARN_OBJC_IMPLICIT_RETAIN_SELF = YES;
				CLANG_WARN_OBJC_LITERAL_CONVERSION = YES;
				CLANG_WARN_OBJC_ROOT_CLASS = YES_ERROR;
				CLANG_WARN_QUOTED_INCLUDE_IN_FRAMEWORK_HEADER = YES;
				CLANG_WARN_RANGE_LOOP_ANALYSIS = YES;
				CLANG_WARN_STRICT_PROTOTYPES = YES;
				CLANG_WARN_SUSPICIOUS_MOVE = YES;
				CLANG_WARN_UNGUARDED_AVAILABILITY = YES_AGGRESSIVE;
				CLANG_WARN_UNREACHABLE_CODE = YES;
				CLANG_WARN__DUPLICATE_METHOD_MATCH = YES;
				CODE_SIGN_STYLE = Automatic;
				COPY_PHASE_STRIP = NO;
				DEBUG_INFORMATION_FORMAT = dwarf;
				DEVELOPMENT_TEAM = "";
				ENABLE_STRICT_OBJC_MSGSEND = YES;
				ENABLE_TESTABILITY = YES;
				GCC_C_LANGUAGE_STANDARD = gnu11;
				GCC_DYNAMIC_NO_PIC = NO;
				GCC_NO_COMMON_BLOCKS = YES;
				GCC_OPTIMIZATION_LEVEL = 0;
				GCC_PREPROCESSOR_DEFINITIONS = (
					"$(inherited)",
					"DEBUG=1",
				);
				GCC_WARN_64_TO_32_BIT_CONVERSION = YES;
				GCC_WARN_ABOUT_RETURN_TYPE = YES_ERROR;
				GCC_WARN_UNDECLARED_SELECTOR = YES;
				GCC_WARN_UNINITIALIZED_AUTOS = YES_AGGRESSIVE;
				GCC_WARN_UNUSED_FUNCTION = YES;
				GCC_WARN_UNUSED_VARIABLE = YES;
				IPHONEOS_DEPLOYMENT_TARGET = 17.0;
				MTL_ENABLE_DEBUG_INFO = INCLUDE_SOURCE;
				MTL_FAST_MATH = YES;
				ONLY_ACTIVE_ARCH = YES;
				PRODUCT_NAME = "$(TARGET_NAME)";
				SDKROOT = iphoneos;
				SWIFT_ACTIVE_COMPILATION_CONDITIONS = DEBUG;
				SWIFT_OPTIMIZATION_LEVEL = "-Onone";
				SWIFT_VERSION = 5.0;
			};
			name = Debug;
		};
		4C6C78770FADBD35F9B48238 /* Release */ = {
			isa = XCBuildConfiguration;
			buildSettings = {
				ALWAYS_SEARCH_USER_PATHS = NO;
				CLANG_ANALYZER_NONNULL = YES;
				CLANG_ANALYZER_NUMBER_OBJECT_CONVERSION = YES_AGGRESSIVE;
				CLANG_CXX_LANGUAGE_STANDARD = "gnu++14";
				CLANG_CXX_LIBRARY = "libc++";
				CLANG_ENABLE_MODULES = YES;
				CLANG_ENABLE_OBJC_ARC = YES;
				CLANG_ENABLE_OBJC_WEAK = YES;
				CLANG_WARN_BLOCK_CAPTURE_AUTORELEASING = YES;
				CLANG_WARN_BOOL_CONVERSION = YES;
				CLANG_WARN_COMMA = YES;
				CLANG_WARN_CONSTANT_CONVERSION = YES;
				CLANG_WARN_DEPRECATED_OBJC_IMPLEMENTATIONS = YES;
				CLANG_WARN_DIRECT_OBJC_ISA_USAGE = YES_ERROR;
				CLANG_WARN_DOCUMENTATION_COMMENTS = YES;
				CLANG_WARN_EMPTY_BODY = YES;
				CLANG_WARN_ENUM_CONVERSION = YES;
				CLANG_WARN_INFINITE_RECURSION = YES;
				CLANG_WARN_INT_CONVERSION = YES;
				CLANG_WARN_NON_LITERAL_NULL_CONVERSION = YES;
				CLANG_WARN_OBJC_IMPLICIT_RETAIN_SELF = YES;
				CLANG_WARN_OBJC_LITERAL_CONVERSION = YES;
				CLANG_WARN_OBJC_ROOT_CLASS = YES_ERROR;
				CLANG_WARN_QUOTED_INCLUDE_IN_FRAMEWORK_HEADER = YES;
				CLANG_WARN_RANGE_LOOP_ANALYSIS = YES;
				CLANG_WARN_STRICT_PROTOTYPES = YES;
				CLANG_WARN_SUSPICIOUS_MOVE = YES;
				CLANG_WARN_UNGUARDED_AVAILABILITY = YES_AGGRESSIVE;
				CLANG_WARN_UNREACHABLE_CODE = YES;
				CLANG_WARN__DUPLICATE_METHOD_MATCH = YES;
				CODE_SIGN_STYLE = Automatic;
				COPY_PHASE_STRIP = NO;
				DEBUG_INFORMATION_FORMAT = "dwarf-with-dsym";
				DEVELOPMENT_TEAM = "";
				ENABLE_NS_ASSERTIONS = NO;
				ENABLE_STRICT_OBJC_MSGSEND = YES;
				GCC_C_LANGUAGE_STANDARD = gnu11;
				GCC_NO_COMMON_BLOCKS = YES;
				GCC_WARN_64_TO_32_BIT_CONVERSION = YES;
				GCC_WARN_ABOUT_RETURN_TYPE = YES_ERROR;
				GCC_WARN_UNDECLARED_SELECTOR = YES;
				GCC_WARN_UNINITIALIZED_AUTOS = YES_AGGRESSIVE;
				GCC_WARN_UNUSED_FUNCTION = YES;
				GCC_WARN_UNUSED_VARIABLE = YES;
				IPHONEOS_DEPLOYMENT_TARGET = 17.0;
				MTL_ENABLE_DEBUG_INFO = NO;
				MTL_FAST_MATH = YES;
				PRODUCT_NAME = "$(TARGET_NAME)";
				SDKROOT = iphoneos;
				SWIFT_COMPILATION_MODE = wholemodule;
				SWIFT_OPTIMIZATION_LEVEL = "-O";
				SWIFT_VERSION = 5.0;
			};
			name = Release;
		};
		4CAA458F1342B627C79CAE08 /* Release */ = {
			isa = XCBuildConfiguration;
			buildSettings = {
				ASSETCATALOG_COMPILER_APPICON_NAME = AppIcon;
				ASSETCATALOG_COMPILER_GLOBAL_ACCENT_COLOR_NAME = AccentColor;
				CODE_SIGN_IDENTITY = "iPhone Developer";
				INFOPLIST_FILE = Sources/App/Info.plist;
				LD_RUNPATH_SEARCH_PATHS = (
					"$(inherited)",
					"@executable_path/Frameworks",
				);
				PRODUCT_BUNDLE_IDENTIFIER = com.solomonxie.budgetsbronative;
				SDKROOT = iphoneos;
				TARGETED_DEVICE_FAMILY = 1;
			};
			name = Release;
		};
		4E6E6A903C24E57CBD19E614 /* Release */ = {
			isa = XCBuildConfiguration;
			buildSettings = {
				BUNDLE_LOADER = "$(TEST_HOST)";
				GENERATE_INFOPLIST_FILE = YES;
				LD_RUNPATH_SEARCH_PATHS = (
					"$(inherited)",
					"@executable_path/Frameworks",
					"@loader_path/Frameworks",
				);
				PRODUCT_BUNDLE_IDENTIFIER = com.solomonxie.BudgetsBroNativeTests;
				SDKROOT = iphoneos;
				TARGETED_DEVICE_FAMILY = "1,2";
				TEST_HOST = "$(BUILT_PRODUCTS_DIR)/BudgetsBroNative.app/BudgetsBroNative";
			};
			name = Release;
		};
		6559A374C38F66B55EC82FBA /* Debug */ = {
			isa = XCBuildConfiguration;
			buildSettings = {
				BUNDLE_LOADER = "$(TEST_HOST)";
				GENERATE_INFOPLIST_FILE = YES;
				LD_RUNPATH_SEARCH_PATHS = (
					"$(inherited)",
					"@executable_path/Frameworks",
					"@loader_path/Frameworks",
				);
				PRODUCT_BUNDLE_IDENTIFIER = com.solomonxie.BudgetsBroNativeTests;
				SDKROOT = iphoneos;
				TARGETED_DEVICE_FAMILY = "1,2";
				TEST_HOST = "$(BUILT_PRODUCTS_DIR)/BudgetsBroNative.app/BudgetsBroNative";
			};
			name = Debug;
		};
		F543E0899635DFF08D20BA12 /* Debug */ = {
			isa = XCBuildConfiguration;
			buildSettings = {
				ASSETCATALOG_COMPILER_APPICON_NAME = AppIcon;
				ASSETCATALOG_COMPILER_GLOBAL_ACCENT_COLOR_NAME = AccentColor;
				CODE_SIGN_IDENTITY = "iPhone Developer";
				INFOPLIST_FILE = Sources/App/Info.plist;
				LD_RUNPATH_SEARCH_PATHS = (
					"$(inherited)",
					"@executable_path/Frameworks",
				);
				PRODUCT_BUNDLE_IDENTIFIER = com.solomonxie.budgetsbronative;
				SDKROOT = iphoneos;
				TARGETED_DEVICE_FAMILY = 1;
			};
			name = Debug;
		};
/* End XCBuildConfiguration section */

/* Begin XCConfigurationList section */
		45C32C330848265BD48577FA /* Build configuration list for PBXProject "BudgetsBroNative" */ = {
			isa = XCConfigurationList;
			buildConfigurations = (
				17D5A413062923B3D7E75F1C /* Debug */,
				4C6C78770FADBD35F9B48238 /* Release */,
			);
			defaultConfigurationIsVisible = 0;
			defaultConfigurationName = Debug;
		};
		B1FF3C80196FFD8E672BF2ED /* Build configuration list for PBXNativeTarget "BudgetsBroNativeTests" */ = {
			isa = XCConfigurationList;
			buildConfigurations = (
				6559A374C38F66B55EC82FBA /* Debug */,
				4E6E6A903C24E57CBD19E614 /* Release */,
			);
			defaultConfigurationIsVisible = 0;
			defaultConfigurationName = Debug;
		};
		E57254D07AB7E8854A87ED40 /* Build configuration list for PBXNativeTarget "BudgetsBroNative" */ = {
			isa = XCConfigurationList;
			buildConfigurations = (
				F543E0899635DFF08D20BA12 /* Debug */,
				4CAA458F1342B627C79CAE08 /* Release */,
			);
			defaultConfigurationIsVisible = 0;
			defaultConfigurationName = Debug;
		};
/* End XCConfigurationList section */
	};
	rootObject = A31E8D99B920B6A0267D0403 /* Project object */;
}
